
Microsoft Visual Studio Solution File, Format Version 12.00
# Visual Studio Version 17
VisualStudioVersion = 17.9.34622.214
MinimumVisualStudioVersion = 10.0.40219.1
Project("{FAE04EC0-301F-11D3-BF4B-00C04F79EFBC}") = "Day7", "Day7\Day7.csproj", "{54F70B2D-DCAA-46DA-9208-C73C6862F75C}"
EndProject
Global
	GlobalSection(SolutionConfigurationPlatforms) = preSolution
		Debug|Any CPU = Debug|Any CPU
		Release|Any CPU = Release|Any CPU
	EndGlobalSection
	GlobalSection(ProjectConfigurationPlatforms) = postSolution
		{54F70B2D-DCAA-46DA-9208-C73C6862F75C}.Debug|Any CPU.ActiveCfg = Debug|Any CPU
		{54F70B2D-DCAA-46DA-9208-C73C6862F75C}.Debug|Any CPU.Build.0 = Debug|Any CPU
		{54F70B2D-DCAA-46DA-9208-C73C6862F75C}.Release|Any CPU.ActiveCfg = Release|Any CPU
		{54F70B2D-DCAA-46DA-9208-C73C6862F75C}.Release|Any CPU.Build.0 = Release|Any CPU
	EndGlobalSection
	GlobalSection(SolutionProperties) = preSolution
		HideSolutionNode = FALSE
	EndGlobalSection
	GlobalSection(ExtensibilityGlobals) = postSolution
		SolutionGuid = {B58E41AC-B817-40ED-A10C-8ED625DFBEE4}
	EndGlobalSection
EndGlobal
