
Microsoft Visual Studio Solution File, Format Version 12.00
# Visual Studio Version 17
VisualStudioVersion = 17.9.34622.214
MinimumVisualStudioVersion = 10.0.40219.1
Project("{FAE04EC0-301F-11D3-BF4B-00C04F79EFBC}") = "Day8_2", "Day8_2\Day8_2.csproj", "{5633F0BD-0484-476B-8D43-FA9146077899}"
EndProject
Global
	GlobalSection(SolutionConfigurationPlatforms) = preSolution
		Debug|Any CPU = Debug|Any CPU
		Release|Any CPU = Release|Any CPU
	EndGlobalSection
	GlobalSection(ProjectConfigurationPlatforms) = postSolution
		{5633F0BD-0484-476B-8D43-FA9146077899}.Debug|Any CPU.ActiveCfg = Debug|Any CPU
		{5633F0BD-0484-476B-8D43-FA9146077899}.Debug|Any CPU.Build.0 = Debug|Any CPU
		{5633F0BD-0484-476B-8D43-FA9146077899}.Release|Any CPU.ActiveCfg = Release|Any CPU
		{5633F0BD-0484-476B-8D43-FA9146077899}.Release|Any CPU.Build.0 = Release|Any CPU
	EndGlobalSection
	GlobalSection(SolutionProperties) = preSolution
		HideSolutionNode = FALSE
	EndGlobalSection
	GlobalSection(ExtensibilityGlobals) = postSolution
		SolutionGuid = {FF9A3DBF-F5FF-4F2B-B353-4FE7AC428E58}
	EndGlobalSection
EndGlobal
